// !$*UTF8*$!
{
	archiveVersion = 1;
	classes = {
	};
	objectVersion = 46;
	objects = {

/* Begin PBXAggregateTarget section */
		9DDDB2AA283DB4E177337606 /* AutoVocalCtrl - All */ = {
			isa = PBXAggregateTarget;
			buildConfigurationList = F82A33F8D8E19B5246162B84 /* Build configuration list for PBXAggregateTarget "AutoVocalCtrl - All" */;
			buildPhases = (
			);
			dependencies = (
				77196C8263397CFA53C9BD19 /* PBXTargetDependency */,
				7CA32261C8524F5B3C6C6D6F /* PBXTargetDependency */,
				567510BD79EA1BA78963BEB2 /* PBXTargetDependency */,
				73201D1B5D4034EF3BECA05A /* PBXTargetDependency */,
			);
			name = "AutoVocalCtrl - All";
			productName = AutoVocalCtrl;
		};
/* End PBXAggregateTarget section */

/* Begin PBXBuildFile section */
		01EEBB783773C726AEA298E4 /* Filter.cpp in Sources */ = {isa = PBXBuildFile; fileRef = 45D974219D22A27C9405A657 /* Filter.cpp */; };
		06271653F810D12D8DE61420 /* include_juce_audio_utils.mm in Sources */ = {isa = PBXBuildFile; fileRef = DA6AD01F3521B51BCC1490DF /* include_juce_audio_utils.mm */; };
		0B7291C14A1E3D7BD24063C9 /* include_juce_core.mm in Sources */ = {isa = PBXBuildFile; fileRef = 310E793CFE43EE1C4E385A47 /* include_juce_core.mm */; };
		0B9334470C9CF9281EF34525 /* CoreAudio.framework in Frameworks */ = {isa = PBXBuildFile; fileRef = 180C2B4F80BA4A988FECED93 /* CoreAudio.framework */; };
		0F3FCDFD2DFEBBE7F399C824 /* Cocoa.framework in Frameworks */ = {isa = PBXBuildFile; fileRef = A48ED63B71AB27FFA8458C54 /* Cocoa.framework */; };
		12773BF6F31235762965EF88 /* Carbon.framework in Frameworks */ = {isa = PBXBuildFile; fileRef = 1F3AF57E4709C2C27561703F /* Carbon.framework */; };
		1476615DB8553B957420BD4D /* CoreMedia.framework in Frameworks */ = {isa = PBXBuildFile; fileRef = E72CB0F3C4603E65036F8A45 /* CoreMedia.framework */; };
		19C44BE9C122F52C998B6B7B /* include_juce_cryptography.mm in Sources */ = {isa = PBXBuildFile; fileRef = 8252732F2A27961E4E0888BA /* include_juce_cryptography.mm */; };
		23011058FAADEB210965643F /* include_juce_audio_plugin_client_VST_utils.mm in Sources */ = {isa = PBXBuildFile; fileRef = 58A2ED8329195B2A1C07CC12 /* include_juce_audio_plugin_client_VST_utils.mm */; };
		3A0068727D5CC396CDFC0057 /* include_juce_gui_basics.mm in Sources */ = {isa = PBXBuildFile; fileRef = 8D902812FB52C2E77F856D80 /* include_juce_gui_basics.mm */; };
		41E61F3F08E3DA93C8779EA8 /* include_juce_opengl.mm in Sources */ = {isa = PBXBuildFile; fileRef = 47B6D1515C8987AAE8A5176B /* include_juce_opengl.mm */; };
		4536586E355214C8B6F72D3C /* include_juce_audio_plugin_client_VST2.cpp in Sources */ = {isa = PBXBuildFile; fileRef = 42DA1859061DD6711D99FFFD /* include_juce_audio_plugin_client_VST2.cpp */; };
		4653961EEAD174348E6408FA /* include_juce_audio_devices.mm in Sources */ = {isa = PBXBuildFile; fileRef = C596941597231955BB32FD84 /* include_juce_audio_devices.mm */; };
		4A630A6AC9AB004044B8F3C4 /* QuartzCore.framework in Frameworks */ = {isa = PBXBuildFile; fileRef = C398FF2D3232BA6D0EA87261 /* QuartzCore.framework */; };
		4B8DA5B08713769D1605440A /* Accelerate.framework in Frameworks */ = {isa = PBXBuildFile; fileRef = A0B89D29ED86259D2501C397 /* Accelerate.framework */; };
		562F32BF01E4AC488D949E81 /* IOKit.framework in Frameworks */ = {isa = PBXBuildFile; fileRef = 72E6F768F6A944D6AA1F1930 /* IOKit.framework */; };
		5A6221F903A26F9F8CFF854F /* include_juce_audio_formats.mm in Sources */ = {isa = PBXBuildFile; fileRef = E93EEB72CD694C32384A56D4 /* include_juce_audio_formats.mm */; };
		5F7BB7F8672519A0C28C4E5B /* WebKit.framework in Frameworks */ = {isa = PBXBuildFile; fileRef = 3CCCF7BE5AF72DFE5C774C62 /* WebKit.framework */; };
		6ACAD14A7CFD9076856EA33A /* newLookAndFeel.cpp in Sources */ = {isa = PBXBuildFile; fileRef = 580AF64590F6077D976ADB6E /* newLookAndFeel.cpp */; };
		6B187775566965DF1E9A6E36 /* DiscRecording.framework in Frameworks */ = {isa = PBXBuildFile; fileRef = 3EE2395D085F1451533A2458 /* DiscRecording.framework */; };
		6B76431A1770F23FD60E8FE6 /* OpenGL.framework in Frameworks */ = {isa = PBXBuildFile; fileRef = FEE06051A9762574D24E08B4 /* OpenGL.framework */; };
		6E3FD764C0D463558D8D6379 /* include_juce_audio_processors.mm in Sources */ = {isa = PBXBuildFile; fileRef = A81BC04AE2115DB30102EF9F /* include_juce_audio_processors.mm */; };
		6F675FB8D0FFA5D1307C0511 /* include_juce_events.mm in Sources */ = {isa = PBXBuildFile; fileRef = 108D040DF2C49412ED44763C /* include_juce_events.mm */; };
		7C487E7DFDBA815239826893 /* include_juce_video.mm in Sources */ = {isa = PBXBuildFile; fileRef = 73E8623D99CBDD8BAE1A6B1C /* include_juce_video.mm */; };
		8A21E670F851D140371B66BC /* include_juce_audio_plugin_client_utils.cpp in Sources */ = {isa = PBXBuildFile; fileRef = E17E0A63DC8399E6B841DC58 /* include_juce_audio_plugin_client_utils.cpp */; };
		8AB2236DF3992D07EA854248 /* AudioUnit.framework in Frameworks */ = {isa = PBXBuildFile; fileRef = 6B6D73FA51C6C2100025764B /* AudioUnit.framework */; };
		8CB5A9412099E0B900112C5F /* RecentFilesMenuTemplate.nib in Resources */ = {isa = PBXBuildFile; fileRef = 61632D0BF0FDDAC4CA601950 /* RecentFilesMenuTemplate.nib */; };
		8CB5A9422099E0B900112C5F /* Accelerate.framework in Frameworks */ = {isa = PBXBuildFile; fileRef = A0B89D29ED86259D2501C397 /* Accelerate.framework */; };
		8CB5A9432099E0B900112C5F /* AudioToolbox.framework in Frameworks */ = {isa = PBXBuildFile; fileRef = 2F7D36E2D1FBEE5DA995316C /* AudioToolbox.framework */; };
		8CB5A9442099E0B900112C5F /* AVFoundation.framework in Frameworks */ = {isa = PBXBuildFile; fileRef = C158893B39F91BA59622A81E /* AVFoundation.framework */; };
		8CB5A9452099E0B900112C5F /* AVKit.framework in Frameworks */ = {isa = PBXBuildFile; fileRef = 4C5E78BA0C0F97CCEE791915 /* AVKit.framework */; };
		8CB5A9462099E0B900112C5F /* Carbon.framework in Frameworks */ = {isa = PBXBuildFile; fileRef = 1F3AF57E4709C2C27561703F /* Carbon.framework */; };
		8CB5A9472099E0B900112C5F /* Cocoa.framework in Frameworks */ = {isa = PBXBuildFile; fileRef = A48ED63B71AB27FFA8458C54 /* Cocoa.framework */; };
		8CB5A9482099E0B900112C5F /* CoreAudio.framework in Frameworks */ = {isa = PBXBuildFile; fileRef = 180C2B4F80BA4A988FECED93 /* CoreAudio.framework */; };
		8CB5A9492099E0B900112C5F /* CoreMedia.framework in Frameworks */ = {isa = PBXBuildFile; fileRef = E72CB0F3C4603E65036F8A45 /* CoreMedia.framework */; };
		8CB5A94A2099E0B900112C5F /* CoreMIDI.framework in Frameworks */ = {isa = PBXBuildFile; fileRef = 240EA4C8054B7FAB0BE72A20 /* CoreMIDI.framework */; };
		8CB5A94B2099E0B900112C5F /* DiscRecording.framework in Frameworks */ = {isa = PBXBuildFile; fileRef = 3EE2395D085F1451533A2458 /* DiscRecording.framework */; };
		8CB5A94C2099E0B900112C5F /* IOKit.framework in Frameworks */ = {isa = PBXBuildFile; fileRef = 72E6F768F6A944D6AA1F1930 /* IOKit.framework */; };
		8CB5A94D2099E0B900112C5F /* OpenGL.framework in Frameworks */ = {isa = PBXBuildFile; fileRef = FEE06051A9762574D24E08B4 /* OpenGL.framework */; };
		8CB5A94E2099E0B900112C5F /* QuartzCore.framework in Frameworks */ = {isa = PBXBuildFile; fileRef = C398FF2D3232BA6D0EA87261 /* QuartzCore.framework */; };
		8CB5A94F2099E0B900112C5F /* WebKit.framework in Frameworks */ = {isa = PBXBuildFile; fileRef = 3CCCF7BE5AF72DFE5C774C62 /* WebKit.framework */; };
		8CB5A9502099E0B900112C5F /* RecentFilesMenuTemplate.nib in Resources */ = {isa = PBXBuildFile; fileRef = 61632D0BF0FDDAC4CA601950 /* RecentFilesMenuTemplate.nib */; };
		8CB5A9512099E0B900112C5F /* Accelerate.framework in Frameworks */ = {isa = PBXBuildFile; fileRef = A0B89D29ED86259D2501C397 /* Accelerate.framework */; };
		8CB5A9522099E0B900112C5F /* AudioToolbox.framework in Frameworks */ = {isa = PBXBuildFile; fileRef = 2F7D36E2D1FBEE5DA995316C /* AudioToolbox.framework */; };
		8CB5A9532099E0B900112C5F /* AVFoundation.framework in Frameworks */ = {isa = PBXBuildFile; fileRef = C158893B39F91BA59622A81E /* AVFoundation.framework */; };
		8CB5A9542099E0B900112C5F /* AVKit.framework in Frameworks */ = {isa = PBXBuildFile; fileRef = 4C5E78BA0C0F97CCEE791915 /* AVKit.framework */; };
		8CB5A9552099E0B900112C5F /* Carbon.framework in Frameworks */ = {isa = PBXBuildFile; fileRef = 1F3AF57E4709C2C27561703F /* Carbon.framework */; };
		8CB5A9562099E0B900112C5F /* Cocoa.framework in Frameworks */ = {isa = PBXBuildFile; fileRef = A48ED63B71AB27FFA8458C54 /* Cocoa.framework */; };
		8CB5A9572099E0B900112C5F /* CoreAudio.framework in Frameworks */ = {isa = PBXBuildFile; fileRef = 180C2B4F80BA4A988FECED93 /* CoreAudio.framework */; };
		8CB5A9582099E0B900112C5F /* CoreMedia.framework in Frameworks */ = {isa = PBXBuildFile; fileRef = E72CB0F3C4603E65036F8A45 /* CoreMedia.framework */; };
		8CB5A9592099E0B900112C5F /* CoreMIDI.framework in Frameworks */ = {isa = PBXBuildFile; fileRef = 240EA4C8054B7FAB0BE72A20 /* CoreMIDI.framework */; };
		8CB5A95A2099E0B900112C5F /* DiscRecording.framework in Frameworks */ = {isa = PBXBuildFile; fileRef = 3EE2395D085F1451533A2458 /* DiscRecording.framework */; };
		8CB5A95B2099E0B900112C5F /* IOKit.framework in Frameworks */ = {isa = PBXBuildFile; fileRef = 72E6F768F6A944D6AA1F1930 /* IOKit.framework */; };
		8CB5A95C2099E0B900112C5F /* OpenGL.framework in Frameworks */ = {isa = PBXBuildFile; fileRef = FEE06051A9762574D24E08B4 /* OpenGL.framework */; };
		8CB5A95D2099E0B900112C5F /* QuartzCore.framework in Frameworks */ = {isa = PBXBuildFile; fileRef = C398FF2D3232BA6D0EA87261 /* QuartzCore.framework */; };
		8CB5A95E2099E0B900112C5F /* WebKit.framework in Frameworks */ = {isa = PBXBuildFile; fileRef = 3CCCF7BE5AF72DFE5C774C62 /* WebKit.framework */; };
		922E6C2FE254F373CE31B69F /* include_juce_graphics.mm in Sources */ = {isa = PBXBuildFile; fileRef = 436E0CFC46130045C34E0FF0 /* include_juce_graphics.mm */; };
		95350327582DAF8919319B31 /* AVKit.framework in Frameworks */ = {isa = PBXBuildFile; fileRef = 4C5E78BA0C0F97CCEE791915 /* AVKit.framework */; };
		99B54450E63CAE502D97F7EE /* include_juce_audio_plugin_client_AU.r in Rez */ = {isa = PBXBuildFile; fileRef = B6D4B6EBADC795435F57B1C8 /* include_juce_audio_plugin_client_AU.r */; };
		9BB2E60E3F069CE0B06D8770 /* PluginProcessor.cpp in Sources */ = {isa = PBXBuildFile; fileRef = 4B8EF224F4F7BC16F0C200CF /* PluginProcessor.cpp */; };
		B6E6DCD75352C4AC074A79A1 /* include_juce_audio_basics.mm in Sources */ = {isa = PBXBuildFile; fileRef = A6AF34DD50F8B7906153D30C /* include_juce_audio_basics.mm */; };
		BF25EF63F53A1CDFF129D2CC /* AudioToolbox.framework in Frameworks */ = {isa = PBXBuildFile; fileRef = 2F7D36E2D1FBEE5DA995316C /* AudioToolbox.framework */; };
		BF281E5B28A6350381308F8A /* AVFoundation.framework in Frameworks */ = {isa = PBXBuildFile; fileRef = C158893B39F91BA59622A81E /* AVFoundation.framework */; };
		C34336E902093723B7DB7710 /* include_juce_audio_plugin_client_AU_2.mm in Sources */ = {isa = PBXBuildFile; fileRef = 4F1851CC33F763B825C5784F /* include_juce_audio_plugin_client_AU_2.mm */; };
		C54E7E9AAFFC79B90180FB27 /* include_juce_gui_extra.mm in Sources */ = {isa = PBXBuildFile; fileRef = 1302467237A425AD6AD46B7A /* include_juce_gui_extra.mm */; };
		C9A0C8DE2C7A3D7F1918F026 /* include_juce_audio_plugin_client_AU_1.mm in Sources */ = {isa = PBXBuildFile; fileRef = 2A46585653C1F4FF8F25C39E /* include_juce_audio_plugin_client_AU_1.mm */; };
		D328E595E55F479E868CADA2 /* CoreMIDI.framework in Frameworks */ = {isa = PBXBuildFile; fileRef = 240EA4C8054B7FAB0BE72A20 /* CoreMIDI.framework */; };
		EB15805879882647EA1F1E01 /* include_juce_data_structures.mm in Sources */ = {isa = PBXBuildFile; fileRef = EFEEF036F45873A1B9E18191 /* include_juce_data_structures.mm */; };
		EBF9038C8103B94A3D11C626 /* CoreAudioKit.framework in Frameworks */ = {isa = PBXBuildFile; fileRef = 1FA52920481A8C080982DABA /* CoreAudioKit.framework */; };
		FCF1F747E21FEC5A775C310F /* RecentFilesMenuTemplate.nib in Resources */ = {isa = PBXBuildFile; fileRef = 61632D0BF0FDDAC4CA601950 /* RecentFilesMenuTemplate.nib */; };
		FFAE0B01DF852D901604B7D5 /* PluginEditor.cpp in Sources */ = {isa = PBXBuildFile; fileRef = CE2EBAFB1201D20C1249740D /* PluginEditor.cpp */; };
		FFF5AE1C9AB57B42D29FBECA /* include_juce_audio_plugin_client_Standalone.cpp in Sources */ = {isa = PBXBuildFile; fileRef = 68C589B899AF248402240DA2 /* include_juce_audio_plugin_client_Standalone.cpp */; };
/* End PBXBuildFile section */

/* Begin PBXContainerItemProxy section */
		8CB5A95F2099E0BA00112C5F /* PBXContainerItemProxy */ = {
			isa = PBXContainerItemProxy;
			containerPortal = B2E620B03404D031DE63C48F /* Project object */;
			proxyType = 1;
			remoteGlobalIDString = F42D48A60BBE9CC52EA9C165;
			remoteInfo = "AutoVocalCtrl - VST";
		};
		8CB5A9602099E0BA00112C5F /* PBXContainerItemProxy */ = {
			isa = PBXContainerItemProxy;
			containerPortal = B2E620B03404D031DE63C48F /* Project object */;
			proxyType = 1;
			remoteGlobalIDString = 7C3D52A092C1487B467A9710;
			remoteInfo = "AutoVocalCtrl - Shared Code";
		};
		8CB5A9612099E0BA00112C5F /* PBXContainerItemProxy */ = {
			isa = PBXContainerItemProxy;
			containerPortal = B2E620B03404D031DE63C48F /* Project object */;
			proxyType = 1;
			remoteGlobalIDString = EA0E4B443CAA6E6BEA36FFD2;
			remoteInfo = "AutoVocalCtrl - AU";
		};
		8CB5A9622099E0BA00112C5F /* PBXContainerItemProxy */ = {
			isa = PBXContainerItemProxy;
			containerPortal = B2E620B03404D031DE63C48F /* Project object */;
			proxyType = 1;
			remoteGlobalIDString = E2F2DE7E337DC8CF1A3DA91C;
			remoteInfo = "AutoVocalCtrl - Standalone Plugin";
		};
/* End PBXContainerItemProxy section */

/* Begin PBXFileReference section */
		01FF161504AF00A1BCAF4369 /* juce_audio_basics */ = {isa = PBXFileReference; lastKnownFileType = text; name = juce_audio_basics; path = "~/JUCE/modules/juce_audio_basics"; sourceTree = "<absolute>"; };
		0F18F0B31873D282C49BB6B2 /* juce_opengl */ = {isa = PBXFileReference; lastKnownFileType = text; name = juce_opengl; path = "~/JUCE/modules/juce_opengl"; sourceTree = "<absolute>"; };
		10464C1E7F4B26B4A0A129E8 /* juce_cryptography */ = {isa = PBXFileReference; lastKnownFileType = text; name = juce_cryptography; path = "~/JUCE/modules/juce_cryptography"; sourceTree = "<absolute>"; };
		108D040DF2C49412ED44763C /* include_juce_events.mm */ = {isa = PBXFileReference; lastKnownFileType = sourcecode.cpp.objcpp; name = include_juce_events.mm; path = ../../JuceLibraryCode/include_juce_events.mm; sourceTree = SOURCE_ROOT; };
		1302467237A425AD6AD46B7A /* include_juce_gui_extra.mm */ = {isa = PBXFileReference; lastKnownFileType = sourcecode.cpp.objcpp; name = include_juce_gui_extra.mm; path = ../../JuceLibraryCode/include_juce_gui_extra.mm; sourceTree = SOURCE_ROOT; };
		180C2B4F80BA4A988FECED93 /* CoreAudio.framework */ = {isa = PBXFileReference; lastKnownFileType = wrapper.framework; name = CoreAudio.framework; path = System/Library/Frameworks/CoreAudio.framework; sourceTree = SDKROOT; };
		1F3AF57E4709C2C27561703F /* Carbon.framework */ = {isa = PBXFileReference; lastKnownFileType = wrapper.framework; name = Carbon.framework; path = System/Library/Frameworks/Carbon.framework; sourceTree = SDKROOT; };
		1FA52920481A8C080982DABA /* CoreAudioKit.framework */ = {isa = PBXFileReference; lastKnownFileType = wrapper.framework; name = CoreAudioKit.framework; path = System/Library/Frameworks/CoreAudioKit.framework; sourceTree = SDKROOT; };
		240EA4C8054B7FAB0BE72A20 /* CoreMIDI.framework */ = {isa = PBXFileReference; lastKnownFileType = wrapper.framework; name = CoreMIDI.framework; path = System/Library/Frameworks/CoreMIDI.framework; sourceTree = SDKROOT; };
		279761D175543223536D0FBF /* juce_audio_plugin_client */ = {isa = PBXFileReference; lastKnownFileType = text; name = juce_audio_plugin_client; path = "~/JUCE/modules/juce_audio_plugin_client"; sourceTree = "<absolute>"; };
		2A46585653C1F4FF8F25C39E /* include_juce_audio_plugin_client_AU_1.mm */ = {isa = PBXFileReference; lastKnownFileType = sourcecode.cpp.objcpp; name = include_juce_audio_plugin_client_AU_1.mm; path = ../../JuceLibraryCode/include_juce_audio_plugin_client_AU_1.mm; sourceTree = SOURCE_ROOT; };
		2E1B43972C0C9568456720D3 /* newLookAndFeel.h */ = {isa = PBXFileReference; lastKnownFileType = sourcecode.c.h; name = newLookAndFeel.h; path = ../../Source/newLookAndFeel.h; sourceTree = SOURCE_ROOT; };
		2F7D36E2D1FBEE5DA995316C /* AudioToolbox.framework */ = {isa = PBXFileReference; lastKnownFileType = wrapper.framework; name = AudioToolbox.framework; path = System/Library/Frameworks/AudioToolbox.framework; sourceTree = SDKROOT; };
		310E793CFE43EE1C4E385A47 /* include_juce_core.mm */ = {isa = PBXFileReference; lastKnownFileType = sourcecode.cpp.objcpp; name = include_juce_core.mm; path = ../../JuceLibraryCode/include_juce_core.mm; sourceTree = SOURCE_ROOT; };
		334F7E942B7963B656E3C598 /* juce_events */ = {isa = PBXFileReference; lastKnownFileType = text; name = juce_events; path = "~/JUCE/modules/juce_events"; sourceTree = "<absolute>"; };
		39D6985E7C469018DEA8FDCE /* juce_data_structures */ = {isa = PBXFileReference; lastKnownFileType = text; name = juce_data_structures; path = "~/JUCE/modules/juce_data_structures"; sourceTree = "<absolute>"; };
		3CCCF7BE5AF72DFE5C774C62 /* WebKit.framework */ = {isa = PBXFileReference; lastKnownFileType = wrapper.framework; name = WebKit.framework; path = System/Library/Frameworks/WebKit.framework; sourceTree = SDKROOT; };
		3EE2395D085F1451533A2458 /* DiscRecording.framework */ = {isa = PBXFileReference; lastKnownFileType = wrapper.framework; name = DiscRecording.framework; path = System/Library/Frameworks/DiscRecording.framework; sourceTree = SDKROOT; };
		42DA1859061DD6711D99FFFD /* include_juce_audio_plugin_client_VST2.cpp */ = {isa = PBXFileReference; lastKnownFileType = sourcecode.cpp.cpp; name = include_juce_audio_plugin_client_VST2.cpp; path = ../../JuceLibraryCode/include_juce_audio_plugin_client_VST2.cpp; sourceTree = SOURCE_ROOT; };
		436E0CFC46130045C34E0FF0 /* include_juce_graphics.mm */ = {isa = PBXFileReference; lastKnownFileType = sourcecode.cpp.objcpp; name = include_juce_graphics.mm; path = ../../JuceLibraryCode/include_juce_graphics.mm; sourceTree = SOURCE_ROOT; };
		45D974219D22A27C9405A657 /* Filter.cpp */ = {isa = PBXFileReference; lastKnownFileType = sourcecode.cpp.cpp; name = Filter.cpp; path = ../../Source/Filter.cpp; sourceTree = SOURCE_ROOT; };
		47B6D1515C8987AAE8A5176B /* include_juce_opengl.mm */ = {isa = PBXFileReference; lastKnownFileType = sourcecode.cpp.objcpp; name = include_juce_opengl.mm; path = ../../JuceLibraryCode/include_juce_opengl.mm; sourceTree = SOURCE_ROOT; };
		4B8EF224F4F7BC16F0C200CF /* PluginProcessor.cpp */ = {isa = PBXFileReference; lastKnownFileType = sourcecode.cpp.cpp; name = PluginProcessor.cpp; path = ../../Source/PluginProcessor.cpp; sourceTree = SOURCE_ROOT; };
		4C5E78BA0C0F97CCEE791915 /* AVKit.framework */ = {isa = PBXFileReference; lastKnownFileType = wrapper.framework; name = AVKit.framework; path = System/Library/Frameworks/AVKit.framework; sourceTree = SDKROOT; };
		4E0181F8E3449C9D7DD5452D /* juce_audio_devices */ = {isa = PBXFileReference; lastKnownFileType = text; name = juce_audio_devices; path = "~/JUCE/modules/juce_audio_devices"; sourceTree = "<absolute>"; };
		4E659DCD815D1F6C0DD69E65 /* AutoVocalCtrl.entitlements */ = {isa = PBXFileReference; lastKnownFileType = text.plist.xml; path = AutoVocalCtrl.entitlements; sourceTree = SOURCE_ROOT; };
		4F1851CC33F763B825C5784F /* include_juce_audio_plugin_client_AU_2.mm */ = {isa = PBXFileReference; lastKnownFileType = sourcecode.cpp.objcpp; name = include_juce_audio_plugin_client_AU_2.mm; path = ../../JuceLibraryCode/include_juce_audio_plugin_client_AU_2.mm; sourceTree = SOURCE_ROOT; };
		52CE7D3AA63BB45E9330B5C7 /* AutoVocalCtrl.vst */ = {isa = PBXFileReference; explicitFileType = wrapper.cfbundle; includeInIndex = 0; path = AutoVocalCtrl.vst; sourceTree = BUILT_PRODUCTS_DIR; };
		580AF64590F6077D976ADB6E /* newLookAndFeel.cpp */ = {isa = PBXFileReference; lastKnownFileType = sourcecode.cpp.cpp; name = newLookAndFeel.cpp; path = ../../Source/newLookAndFeel.cpp; sourceTree = SOURCE_ROOT; };
		58759E3D2A921793C89B798C /* juce_gui_extra */ = {isa = PBXFileReference; lastKnownFileType = text; name = juce_gui_extra; path = "~/JUCE/modules/juce_gui_extra"; sourceTree = "<absolute>"; };
		58A2ED8329195B2A1C07CC12 /* include_juce_audio_plugin_client_VST_utils.mm */ = {isa = PBXFileReference; lastKnownFileType = sourcecode.cpp.objcpp; name = include_juce_audio_plugin_client_VST_utils.mm; path = ../../JuceLibraryCode/include_juce_audio_plugin_client_VST_utils.mm; sourceTree = SOURCE_ROOT; };
		61632D0BF0FDDAC4CA601950 /* RecentFilesMenuTemplate.nib */ = {isa = PBXFileReference; lastKnownFileType = file.nib; path = RecentFilesMenuTemplate.nib; sourceTree = SOURCE_ROOT; };
		66295AAA16F7A1676FFD0881 /* juce_audio_utils */ = {isa = PBXFileReference; lastKnownFileType = text; name = juce_audio_utils; path = "~/JUCE/modules/juce_audio_utils"; sourceTree = "<absolute>"; };
		68C589B899AF248402240DA2 /* include_juce_audio_plugin_client_Standalone.cpp */ = {isa = PBXFileReference; lastKnownFileType = sourcecode.cpp.cpp; name = include_juce_audio_plugin_client_Standalone.cpp; path = ../../JuceLibraryCode/include_juce_audio_plugin_client_Standalone.cpp; sourceTree = SOURCE_ROOT; };
		6B6D73FA51C6C2100025764B /* AudioUnit.framework */ = {isa = PBXFileReference; lastKnownFileType = wrapper.framework; name = AudioUnit.framework; path = System/Library/Frameworks/AudioUnit.framework; sourceTree = SDKROOT; };
		6E742B4984DE5E9FE9E948FC /* Info-Standalone_Plugin.plist */ = {isa = PBXFileReference; lastKnownFileType = text.plist.xml; path = "Info-Standalone_Plugin.plist"; sourceTree = SOURCE_ROOT; };
		72CB3A1B791C8F34C4A69E51 /* JuceHeader.h */ = {isa = PBXFileReference; lastKnownFileType = sourcecode.c.h; name = JuceHeader.h; path = ../../JuceLibraryCode/JuceHeader.h; sourceTree = SOURCE_ROOT; };
		72E6F768F6A944D6AA1F1930 /* IOKit.framework */ = {isa = PBXFileReference; lastKnownFileType = wrapper.framework; name = IOKit.framework; path = System/Library/Frameworks/IOKit.framework; sourceTree = SDKROOT; };
		73E8623D99CBDD8BAE1A6B1C /* include_juce_video.mm */ = {isa = PBXFileReference; lastKnownFileType = sourcecode.cpp.objcpp; name = include_juce_video.mm; path = ../../JuceLibraryCode/include_juce_video.mm; sourceTree = SOURCE_ROOT; };
		74F6AADB16FA0A063E844A02 /* juce_gui_basics */ = {isa = PBXFileReference; lastKnownFileType = text; name = juce_gui_basics; path = "~/JUCE/modules/juce_gui_basics"; sourceTree = "<absolute>"; };
		7690139CD13F221FEC0776A6 /* libAutoVocalCtrl.a */ = {isa = PBXFileReference; explicitFileType = archive.ar; includeInIndex = 0; path = libAutoVocalCtrl.a; sourceTree = BUILT_PRODUCTS_DIR; };
		8252732F2A27961E4E0888BA /* include_juce_cryptography.mm */ = {isa = PBXFileReference; lastKnownFileType = sourcecode.cpp.objcpp; name = include_juce_cryptography.mm; path = ../../JuceLibraryCode/include_juce_cryptography.mm; sourceTree = SOURCE_ROOT; };
		827409C58FC7A10678CCCE98 /* juce_graphics */ = {isa = PBXFileReference; lastKnownFileType = text; name = juce_graphics; path = "~/JUCE/modules/juce_graphics"; sourceTree = "<absolute>"; };
		8D902812FB52C2E77F856D80 /* include_juce_gui_basics.mm */ = {isa = PBXFileReference; lastKnownFileType = sourcecode.cpp.objcpp; name = include_juce_gui_basics.mm; path = ../../JuceLibraryCode/include_juce_gui_basics.mm; sourceTree = SOURCE_ROOT; };
		8F5C8D8FC8E0D75A93D11B22 /* Filter.h */ = {isa = PBXFileReference; lastKnownFileType = sourcecode.c.h; name = Filter.h; path = ../../Source/Filter.h; sourceTree = SOURCE_ROOT; };
		9D72BA8280C6EC12EF821A74 /* Info-VST.plist */ = {isa = PBXFileReference; lastKnownFileType = text.plist.xml; path = "Info-VST.plist"; sourceTree = SOURCE_ROOT; };
		A0B89D29ED86259D2501C397 /* Accelerate.framework */ = {isa = PBXFileReference; lastKnownFileType = wrapper.framework; name = Accelerate.framework; path = System/Library/Frameworks/Accelerate.framework; sourceTree = SDKROOT; };
		A16211008A750F6B9BCA8E5B /* juce_audio_processors */ = {isa = PBXFileReference; lastKnownFileType = text; name = juce_audio_processors; path = "~/JUCE/modules/juce_audio_processors"; sourceTree = "<absolute>"; };
		A3808422E0D4473E3BE7868D /* PluginEditor.h */ = {isa = PBXFileReference; lastKnownFileType = sourcecode.c.h; name = PluginEditor.h; path = ../../Source/PluginEditor.h; sourceTree = SOURCE_ROOT; };
		A48ED63B71AB27FFA8458C54 /* Cocoa.framework */ = {isa = PBXFileReference; lastKnownFileType = wrapper.framework; name = Cocoa.framework; path = System/Library/Frameworks/Cocoa.framework; sourceTree = SDKROOT; };
		A6AF34DD50F8B7906153D30C /* include_juce_audio_basics.mm */ = {isa = PBXFileReference; lastKnownFileType = sourcecode.cpp.objcpp; name = include_juce_audio_basics.mm; path = ../../JuceLibraryCode/include_juce_audio_basics.mm; sourceTree = SOURCE_ROOT; };
		A81BC04AE2115DB30102EF9F /* include_juce_audio_processors.mm */ = {isa = PBXFileReference; lastKnownFileType = sourcecode.cpp.objcpp; name = include_juce_audio_processors.mm; path = ../../JuceLibraryCode/include_juce_audio_processors.mm; sourceTree = SOURCE_ROOT; };
		A95DB5219ECE7AAEA75D039E /* AutoVocalCtrl.app */ = {isa = PBXFileReference; explicitFileType = wrapper.application; includeInIndex = 0; path = AutoVocalCtrl.app; sourceTree = BUILT_PRODUCTS_DIR; };
		B6D4B6EBADC795435F57B1C8 /* include_juce_audio_plugin_client_AU.r */ = {isa = PBXFileReference; lastKnownFileType = file.r; name = include_juce_audio_plugin_client_AU.r; path = ../../JuceLibraryCode/include_juce_audio_plugin_client_AU.r; sourceTree = SOURCE_ROOT; };
		BB91E6E708FEBFD94CF83AAC /* AppConfig.h */ = {isa = PBXFileReference; lastKnownFileType = sourcecode.c.h; name = AppConfig.h; path = ../../JuceLibraryCode/AppConfig.h; sourceTree = SOURCE_ROOT; };
		C158893B39F91BA59622A81E /* AVFoundation.framework */ = {isa = PBXFileReference; lastKnownFileType = wrapper.framework; name = AVFoundation.framework; path = System/Library/Frameworks/AVFoundation.framework; sourceTree = SDKROOT; };
		C398FF2D3232BA6D0EA87261 /* QuartzCore.framework */ = {isa = PBXFileReference; lastKnownFileType = wrapper.framework; name = QuartzCore.framework; path = System/Library/Frameworks/QuartzCore.framework; sourceTree = SDKROOT; };
		C55B435243DD711DC30BD28F /* juce_video */ = {isa = PBXFileReference; lastKnownFileType = text; name = juce_video; path = "~/JUCE/modules/juce_video"; sourceTree = "<absolute>"; };
		C596941597231955BB32FD84 /* include_juce_audio_devices.mm */ = {isa = PBXFileReference; lastKnownFileType = sourcecode.cpp.objcpp; name = include_juce_audio_devices.mm; path = ../../JuceLibraryCode/include_juce_audio_devices.mm; sourceTree = SOURCE_ROOT; };
		CE2EBAFB1201D20C1249740D /* PluginEditor.cpp */ = {isa = PBXFileReference; lastKnownFileType = sourcecode.cpp.cpp; name = PluginEditor.cpp; path = ../../Source/PluginEditor.cpp; sourceTree = SOURCE_ROOT; };
		DA6AD01F3521B51BCC1490DF /* include_juce_audio_utils.mm */ = {isa = PBXFileReference; lastKnownFileType = sourcecode.cpp.objcpp; name = include_juce_audio_utils.mm; path = ../../JuceLibraryCode/include_juce_audio_utils.mm; sourceTree = SOURCE_ROOT; };
		E17E0A63DC8399E6B841DC58 /* include_juce_audio_plugin_client_utils.cpp */ = {isa = PBXFileReference; lastKnownFileType = sourcecode.cpp.cpp; name = include_juce_audio_plugin_client_utils.cpp; path = ../../JuceLibraryCode/include_juce_audio_plugin_client_utils.cpp; sourceTree = SOURCE_ROOT; };
		E459A288508772F863B4BD24 /* AutoVocalCtrl.component */ = {isa = PBXFileReference; explicitFileType = wrapper.cfbundle; includeInIndex = 0; path = AutoVocalCtrl.component; sourceTree = BUILT_PRODUCTS_DIR; };
		E632AA8C9DB1C0E493725493 /* juce_audio_formats */ = {isa = PBXFileReference; lastKnownFileType = text; name = juce_audio_formats; path = "~/JUCE/modules/juce_audio_formats"; sourceTree = "<absolute>"; };
		E72CB0F3C4603E65036F8A45 /* CoreMedia.framework */ = {isa = PBXFileReference; lastKnownFileType = wrapper.framework; name = CoreMedia.framework; path = System/Library/Frameworks/CoreMedia.framework; sourceTree = SDKROOT; };
		E82745A583A394D7E92BBF91 /* PluginProcessor.h */ = {isa = PBXFileReference; lastKnownFileType = sourcecode.c.h; name = PluginProcessor.h; path = ../../Source/PluginProcessor.h; sourceTree = SOURCE_ROOT; };
		E93EEB72CD694C32384A56D4 /* include_juce_audio_formats.mm */ = {isa = PBXFileReference; lastKnownFileType = sourcecode.cpp.objcpp; name = include_juce_audio_formats.mm; path = ../../JuceLibraryCode/include_juce_audio_formats.mm; sourceTree = SOURCE_ROOT; };
		EFEEF036F45873A1B9E18191 /* include_juce_data_structures.mm */ = {isa = PBXFileReference; lastKnownFileType = sourcecode.cpp.objcpp; name = include_juce_data_structures.mm; path = ../../JuceLibraryCode/include_juce_data_structures.mm; sourceTree = SOURCE_ROOT; };
		F3866A936685A144C8BBC225 /* Info-AU.plist */ = {isa = PBXFileReference; lastKnownFileType = text.plist.xml; path = "Info-AU.plist"; sourceTree = SOURCE_ROOT; };
		F5D0F26B1F727CDE9510F3E7 /* juce_core */ = {isa = PBXFileReference; lastKnownFileType = text; name = juce_core; path = "~/JUCE/modules/juce_core"; sourceTree = "<absolute>"; };
		FEE06051A9762574D24E08B4 /* OpenGL.framework */ = {isa = PBXFileReference; lastKnownFileType = wrapper.framework; name = OpenGL.framework; path = System/Library/Frameworks/OpenGL.framework; sourceTree = SDKROOT; };
/* End PBXFileReference section */

/* Begin PBXFrameworksBuildPhase section */
		81DA3977448493B20667436D /* Frameworks */ = {
			isa = PBXFrameworksBuildPhase;
			buildActionMask = 2147483647;
			files = (
				8CB5A9512099E0B900112C5F /* Accelerate.framework in Frameworks */,
				8CB5A9522099E0B900112C5F /* AudioToolbox.framework in Frameworks */,
				8CB5A9532099E0B900112C5F /* AVFoundation.framework in Frameworks */,
				8CB5A9542099E0B900112C5F /* AVKit.framework in Frameworks */,
				8CB5A9552099E0B900112C5F /* Carbon.framework in Frameworks */,
				8CB5A9562099E0B900112C5F /* Cocoa.framework in Frameworks */,
				8CB5A9572099E0B900112C5F /* CoreAudio.framework in Frameworks */,
				8CB5A9582099E0B900112C5F /* CoreMedia.framework in Frameworks */,
				8CB5A9592099E0B900112C5F /* CoreMIDI.framework in Frameworks */,
				8CB5A95A2099E0B900112C5F /* DiscRecording.framework in Frameworks */,
				8CB5A95B2099E0B900112C5F /* IOKit.framework in Frameworks */,
				8CB5A95C2099E0B900112C5F /* OpenGL.framework in Frameworks */,
				8CB5A95D2099E0B900112C5F /* QuartzCore.framework in Frameworks */,
				8CB5A95E2099E0B900112C5F /* WebKit.framework in Frameworks */,
			);
			runOnlyForDeploymentPostprocessing = 0;
		};
		A9ACDBA95646D48E0EBC63D2 /* Frameworks */ = {
			isa = PBXFrameworksBuildPhase;
			buildActionMask = 2147483647;
			files = (
				8CB5A9422099E0B900112C5F /* Accelerate.framework in Frameworks */,
				8CB5A9432099E0B900112C5F /* AudioToolbox.framework in Frameworks */,
				8AB2236DF3992D07EA854248 /* AudioUnit.framework in Frameworks */,
				8CB5A9442099E0B900112C5F /* AVFoundation.framework in Frameworks */,
				8CB5A9452099E0B900112C5F /* AVKit.framework in Frameworks */,
				8CB5A9462099E0B900112C5F /* Carbon.framework in Frameworks */,
				8CB5A9472099E0B900112C5F /* Cocoa.framework in Frameworks */,
				8CB5A9482099E0B900112C5F /* CoreAudio.framework in Frameworks */,
				EBF9038C8103B94A3D11C626 /* CoreAudioKit.framework in Frameworks */,
				8CB5A9492099E0B900112C5F /* CoreMedia.framework in Frameworks */,
				8CB5A94A2099E0B900112C5F /* CoreMIDI.framework in Frameworks */,
				8CB5A94B2099E0B900112C5F /* DiscRecording.framework in Frameworks */,
				8CB5A94C2099E0B900112C5F /* IOKit.framework in Frameworks */,
				8CB5A94D2099E0B900112C5F /* OpenGL.framework in Frameworks */,
				8CB5A94E2099E0B900112C5F /* QuartzCore.framework in Frameworks */,
				8CB5A94F2099E0B900112C5F /* WebKit.framework in Frameworks */,
			);
			runOnlyForDeploymentPostprocessing = 0;
		};
		B94D0FFCD747D368E0727E28 /* Frameworks */ = {
			isa = PBXFrameworksBuildPhase;
			buildActionMask = 2147483647;
			files = (
				4B8DA5B08713769D1605440A /* Accelerate.framework in Frameworks */,
				BF25EF63F53A1CDFF129D2CC /* AudioToolbox.framework in Frameworks */,
				BF281E5B28A6350381308F8A /* AVFoundation.framework in Frameworks */,
				95350327582DAF8919319B31 /* AVKit.framework in Frameworks */,
				12773BF6F31235762965EF88 /* Carbon.framework in Frameworks */,
				0F3FCDFD2DFEBBE7F399C824 /* Cocoa.framework in Frameworks */,
				0B9334470C9CF9281EF34525 /* CoreAudio.framework in Frameworks */,
				1476615DB8553B957420BD4D /* CoreMedia.framework in Frameworks */,
				D328E595E55F479E868CADA2 /* CoreMIDI.framework in Frameworks */,
				6B187775566965DF1E9A6E36 /* DiscRecording.framework in Frameworks */,
				562F32BF01E4AC488D949E81 /* IOKit.framework in Frameworks */,
				6B76431A1770F23FD60E8FE6 /* OpenGL.framework in Frameworks */,
				4A630A6AC9AB004044B8F3C4 /* QuartzCore.framework in Frameworks */,
				5F7BB7F8672519A0C28C4E5B /* WebKit.framework in Frameworks */,
			);
			runOnlyForDeploymentPostprocessing = 0;
		};
/* End PBXFrameworksBuildPhase section */

/* Begin PBXGroup section */
		43FFE765D8D824A730DC3F26 /* Resources */ = {
			isa = PBXGroup;
			children = (
				9D72BA8280C6EC12EF821A74 /* Info-VST.plist */,
				F3866A936685A144C8BBC225 /* Info-AU.plist */,
				6E742B4984DE5E9FE9E948FC /* Info-Standalone_Plugin.plist */,
				61632D0BF0FDDAC4CA601950 /* RecentFilesMenuTemplate.nib */,
			);
			name = Resources;
			sourceTree = "<group>";
		};
		653E275D81E8E133CE474245 /* AutoVocalCtrl */ = {
			isa = PBXGroup;
			children = (
				BCDB22461EF63E949BBA3E93 /* Source */,
			);
			name = AutoVocalCtrl;
			sourceTree = "<group>";
		};
		AA0830D7155E1AF8885AC9B5 /* Source */ = {
			isa = PBXGroup;
			children = (
				4E659DCD815D1F6C0DD69E65 /* AutoVocalCtrl.entitlements */,
				653E275D81E8E133CE474245 /* AutoVocalCtrl */,
				FEA7A7C928A6B86DF6001A30 /* JUCE Modules */,
				F663BED0C7076ECC1204232E /* JUCE Library Code */,
				43FFE765D8D824A730DC3F26 /* Resources */,
				E3B6F517E43BA355C00A7476 /* Frameworks */,
				B56AEBE7A8B1030895ED69D5 /* Products */,
			);
			name = Source;
			sourceTree = "<group>";
		};
		B56AEBE7A8B1030895ED69D5 /* Products */ = {
			isa = PBXGroup;
			children = (
				52CE7D3AA63BB45E9330B5C7 /* AutoVocalCtrl.vst */,
				E459A288508772F863B4BD24 /* AutoVocalCtrl.component */,
				A95DB5219ECE7AAEA75D039E /* AutoVocalCtrl.app */,
				7690139CD13F221FEC0776A6 /* libAutoVocalCtrl.a */,
			);
			name = Products;
			sourceTree = "<group>";
		};
		BCDB22461EF63E949BBA3E93 /* Source */ = {
			isa = PBXGroup;
			children = (
				45D974219D22A27C9405A657 /* Filter.cpp */,
				8F5C8D8FC8E0D75A93D11B22 /* Filter.h */,
				4B8EF224F4F7BC16F0C200CF /* PluginProcessor.cpp */,
				E82745A583A394D7E92BBF91 /* PluginProcessor.h */,
				CE2EBAFB1201D20C1249740D /* PluginEditor.cpp */,
				A3808422E0D4473E3BE7868D /* PluginEditor.h */,
				580AF64590F6077D976ADB6E /* newLookAndFeel.cpp */,
				2E1B43972C0C9568456720D3 /* newLookAndFeel.h */,
			);
			name = Source;
			sourceTree = "<group>";
		};
		E3B6F517E43BA355C00A7476 /* Frameworks */ = {
			isa = PBXGroup;
			children = (
				A0B89D29ED86259D2501C397 /* Accelerate.framework */,
				2F7D36E2D1FBEE5DA995316C /* AudioToolbox.framework */,
				6B6D73FA51C6C2100025764B /* AudioUnit.framework */,
				C158893B39F91BA59622A81E /* AVFoundation.framework */,
				4C5E78BA0C0F97CCEE791915 /* AVKit.framework */,
				1F3AF57E4709C2C27561703F /* Carbon.framework */,
				A48ED63B71AB27FFA8458C54 /* Cocoa.framework */,
				180C2B4F80BA4A988FECED93 /* CoreAudio.framework */,
				1FA52920481A8C080982DABA /* CoreAudioKit.framework */,
				E72CB0F3C4603E65036F8A45 /* CoreMedia.framework */,
				240EA4C8054B7FAB0BE72A20 /* CoreMIDI.framework */,
				3EE2395D085F1451533A2458 /* DiscRecording.framework */,
				72E6F768F6A944D6AA1F1930 /* IOKit.framework */,
				FEE06051A9762574D24E08B4 /* OpenGL.framework */,
				C398FF2D3232BA6D0EA87261 /* QuartzCore.framework */,
				3CCCF7BE5AF72DFE5C774C62 /* WebKit.framework */,
			);
			name = Frameworks;
			sourceTree = "<group>";
		};
		F663BED0C7076ECC1204232E /* JUCE Library Code */ = {
			isa = PBXGroup;
			children = (
				BB91E6E708FEBFD94CF83AAC /* AppConfig.h */,
				A6AF34DD50F8B7906153D30C /* include_juce_audio_basics.mm */,
				C596941597231955BB32FD84 /* include_juce_audio_devices.mm */,
				E93EEB72CD694C32384A56D4 /* include_juce_audio_formats.mm */,
				B6D4B6EBADC795435F57B1C8 /* include_juce_audio_plugin_client_AU.r */,
				2A46585653C1F4FF8F25C39E /* include_juce_audio_plugin_client_AU_1.mm */,
				4F1851CC33F763B825C5784F /* include_juce_audio_plugin_client_AU_2.mm */,
				68C589B899AF248402240DA2 /* include_juce_audio_plugin_client_Standalone.cpp */,
				E17E0A63DC8399E6B841DC58 /* include_juce_audio_plugin_client_utils.cpp */,
				58A2ED8329195B2A1C07CC12 /* include_juce_audio_plugin_client_VST_utils.mm */,
				42DA1859061DD6711D99FFFD /* include_juce_audio_plugin_client_VST2.cpp */,
				A81BC04AE2115DB30102EF9F /* include_juce_audio_processors.mm */,
				DA6AD01F3521B51BCC1490DF /* include_juce_audio_utils.mm */,
				310E793CFE43EE1C4E385A47 /* include_juce_core.mm */,
				8252732F2A27961E4E0888BA /* include_juce_cryptography.mm */,
				EFEEF036F45873A1B9E18191 /* include_juce_data_structures.mm */,
				108D040DF2C49412ED44763C /* include_juce_events.mm */,
				436E0CFC46130045C34E0FF0 /* include_juce_graphics.mm */,
				8D902812FB52C2E77F856D80 /* include_juce_gui_basics.mm */,
				1302467237A425AD6AD46B7A /* include_juce_gui_extra.mm */,
				47B6D1515C8987AAE8A5176B /* include_juce_opengl.mm */,
				73E8623D99CBDD8BAE1A6B1C /* include_juce_video.mm */,
				72CB3A1B791C8F34C4A69E51 /* JuceHeader.h */,
			);
			name = "JUCE Library Code";
			sourceTree = "<group>";
		};
		FEA7A7C928A6B86DF6001A30 /* JUCE Modules */ = {
			isa = PBXGroup;
			children = (
				01FF161504AF00A1BCAF4369 /* juce_audio_basics */,
				4E0181F8E3449C9D7DD5452D /* juce_audio_devices */,
				E632AA8C9DB1C0E493725493 /* juce_audio_formats */,
				279761D175543223536D0FBF /* juce_audio_plugin_client */,
				A16211008A750F6B9BCA8E5B /* juce_audio_processors */,
				66295AAA16F7A1676FFD0881 /* juce_audio_utils */,
				F5D0F26B1F727CDE9510F3E7 /* juce_core */,
				10464C1E7F4B26B4A0A129E8 /* juce_cryptography */,
				39D6985E7C469018DEA8FDCE /* juce_data_structures */,
				334F7E942B7963B656E3C598 /* juce_events */,
				827409C58FC7A10678CCCE98 /* juce_graphics */,
				74F6AADB16FA0A063E844A02 /* juce_gui_basics */,
				58759E3D2A921793C89B798C /* juce_gui_extra */,
				0F18F0B31873D282C49BB6B2 /* juce_opengl */,
				C55B435243DD711DC30BD28F /* juce_video */,
			);
			name = "JUCE Modules";
			sourceTree = "<group>";
		};
/* End PBXGroup section */

/* Begin PBXNativeTarget section */
		7C3D52A092C1487B467A9710 /* AutoVocalCtrl - Shared Code */ = {
			isa = PBXNativeTarget;
			buildConfigurationList = 8A6A7889766224FC8123C127 /* Build configuration list for PBXNativeTarget "AutoVocalCtrl - Shared Code" */;
			buildPhases = (
				10F0B6A316F51E838F9910AD /* Sources */,
			);
			buildRules = (
			);
			dependencies = (
			);
			name = "AutoVocalCtrl - Shared Code";
			productName = AutoVocalCtrl;
			productReference = 7690139CD13F221FEC0776A6 /* libAutoVocalCtrl.a */;
			productType = "com.apple.product-type.library.static";
		};
		E2F2DE7E337DC8CF1A3DA91C /* AutoVocalCtrl - Standalone Plugin */ = {
			isa = PBXNativeTarget;
			buildConfigurationList = A3362B1F0A9151417BDF6F67 /* Build configuration list for PBXNativeTarget "AutoVocalCtrl - Standalone Plugin" */;
			buildPhases = (
				7A220E6801F9B9AA97275C61 /* Resources */,
				6760D933684119486099B9E9 /* Sources */,
				81DA3977448493B20667436D /* Frameworks */,
			);
			buildRules = (
			);
			dependencies = (
				73201D1B5D4034EF3BECA05A /* PBXTargetDependency */,
			);
			name = "AutoVocalCtrl - Standalone Plugin";
			productName = AutoVocalCtrl;
			productReference = A95DB5219ECE7AAEA75D039E /* AutoVocalCtrl.app */;
			productType = "com.apple.product-type.application";
		};
		EA0E4B443CAA6E6BEA36FFD2 /* AutoVocalCtrl - AU */ = {
			isa = PBXNativeTarget;
			buildConfigurationList = 58217EB0EED3D24F867EB5D6 /* Build configuration list for PBXNativeTarget "AutoVocalCtrl - AU" */;
			buildPhases = (
				41FFE357135C47A1D22EB939 /* Resources */,
				6CA4B5367A5E9171E2467EDE /* Rez */,
				A7AEB04AFF68B21D5A10F09D /* Sources */,
				A9ACDBA95646D48E0EBC63D2 /* Frameworks */,
			);
			buildRules = (
			);
			dependencies = (
				73201D1B5D4034EF3BECA05A /* PBXTargetDependency */,
			);
			name = "AutoVocalCtrl - AU";
			productName = AutoVocalCtrl;
			productReference = E459A288508772F863B4BD24 /* AutoVocalCtrl.component */;
			productType = "com.apple.product-type.bundle";
		};
		F42D48A60BBE9CC52EA9C165 /* AutoVocalCtrl - VST */ = {
			isa = PBXNativeTarget;
			buildConfigurationList = D029154B4B0E5699775CD4F2 /* Build configuration list for PBXNativeTarget "AutoVocalCtrl - VST" */;
			buildPhases = (
				86CF39055C51DD6F95F2917D /* Resources */,
				7692917BCE8952F57AF299D0 /* Sources */,
				B94D0FFCD747D368E0727E28 /* Frameworks */,
			);
			buildRules = (
			);
			dependencies = (
				73201D1B5D4034EF3BECA05A /* PBXTargetDependency */,
			);
			name = "AutoVocalCtrl - VST";
			productName = AutoVocalCtrl;
			productReference = 52CE7D3AA63BB45E9330B5C7 /* AutoVocalCtrl.vst */;
			productType = "com.apple.product-type.bundle";
		};
/* End PBXNativeTarget section */

/* Begin PBXProject section */
		B2E620B03404D031DE63C48F /* Project object */ = {
			isa = PBXProject;
			attributes = {
				LastUpgradeCheck = 0830;
				ORGANIZATIONNAME = "";
				TargetAttributes = {
					7C3D52A092C1487B467A9710 = {
						SystemCapabilities = {
							com.apple.ApplicationGroups.iOS = {
								enabled = 0;
							};
							com.apple.InAppPurchase = {
								enabled = 0;
							};
							com.apple.InterAppAudio = {
								enabled = 0;
							};
							com.apple.Push = {
								enabled = 0;
							};
							com.apple.Sandbox = {
								enabled = 0;
							};
						};
					};
					9DDDB2AA283DB4E177337606 = {
						SystemCapabilities = {
							com.apple.ApplicationGroups.iOS = {
								enabled = 0;
							};
							com.apple.InAppPurchase = {
								enabled = 0;
							};
							com.apple.InterAppAudio = {
								enabled = 0;
							};
							com.apple.Push = {
								enabled = 0;
							};
							com.apple.Sandbox = {
								enabled = 0;
							};
						};
					};
					E2F2DE7E337DC8CF1A3DA91C = {
						SystemCapabilities = {
							com.apple.ApplicationGroups.iOS = {
								enabled = 0;
							};
							com.apple.InAppPurchase = {
								enabled = 0;
							};
							com.apple.InterAppAudio = {
								enabled = 0;
							};
							com.apple.Push = {
								enabled = 0;
							};
							com.apple.Sandbox = {
								enabled = 0;
							};
						};
					};
					EA0E4B443CAA6E6BEA36FFD2 = {
						SystemCapabilities = {
							com.apple.ApplicationGroups.iOS = {
								enabled = 0;
							};
							com.apple.InAppPurchase = {
								enabled = 0;
							};
							com.apple.InterAppAudio = {
								enabled = 0;
							};
							com.apple.Push = {
								enabled = 0;
							};
							com.apple.Sandbox = {
								enabled = 0;
							};
						};
					};
					F42D48A60BBE9CC52EA9C165 = {
						SystemCapabilities = {
							com.apple.ApplicationGroups.iOS = {
								enabled = 0;
							};
							com.apple.InAppPurchase = {
								enabled = 0;
							};
							com.apple.InterAppAudio = {
								enabled = 0;
							};
							com.apple.Push = {
								enabled = 0;
							};
							com.apple.Sandbox = {
								enabled = 0;
							};
						};
					};
				};
			};
			buildConfigurationList = 2D7F0739820BE12AA5860A9E /* Build configuration list for PBXProject "AutoVocalCtrl" */;
			compatibilityVersion = "Xcode 3.2";
			developmentRegion = en;
			hasScannedForEncodings = 0;
			knownRegions = (
				en,
			);
			mainGroup = AA0830D7155E1AF8885AC9B5 /* Source */;
			projectDirPath = "";
			projectRoot = "";
			targets = (
				9DDDB2AA283DB4E177337606 /* AutoVocalCtrl - All */,
				F42D48A60BBE9CC52EA9C165 /* AutoVocalCtrl - VST */,
				EA0E4B443CAA6E6BEA36FFD2 /* AutoVocalCtrl - AU */,
				E2F2DE7E337DC8CF1A3DA91C /* AutoVocalCtrl - Standalone Plugin */,
				7C3D52A092C1487B467A9710 /* AutoVocalCtrl - Shared Code */,
			);
		};
/* End PBXProject section */

/* Begin PBXResourcesBuildPhase section */
		41FFE357135C47A1D22EB939 /* Resources */ = {
			isa = PBXResourcesBuildPhase;
			buildActionMask = 2147483647;
			files = (
				8CB5A9412099E0B900112C5F /* RecentFilesMenuTemplate.nib in Resources */,
			);
			runOnlyForDeploymentPostprocessing = 0;
		};
		7A220E6801F9B9AA97275C61 /* Resources */ = {
			isa = PBXResourcesBuildPhase;
			buildActionMask = 2147483647;
			files = (
				8CB5A9502099E0B900112C5F /* RecentFilesMenuTemplate.nib in Resources */,
			);
			runOnlyForDeploymentPostprocessing = 0;
		};
		86CF39055C51DD6F95F2917D /* Resources */ = {
			isa = PBXResourcesBuildPhase;
			buildActionMask = 2147483647;
			files = (
				FCF1F747E21FEC5A775C310F /* RecentFilesMenuTemplate.nib in Resources */,
			);
			runOnlyForDeploymentPostprocessing = 0;
		};
/* End PBXResourcesBuildPhase section */

/* Begin PBXRezBuildPhase section */
		6CA4B5367A5E9171E2467EDE /* Rez */ = {
			isa = PBXRezBuildPhase;
			buildActionMask = 2147483647;
			files = (
				99B54450E63CAE502D97F7EE /* include_juce_audio_plugin_client_AU.r in Rez */,
			);
			runOnlyForDeploymentPostprocessing = 0;
		};
/* End PBXRezBuildPhase section */

/* Begin PBXSourcesBuildPhase section */
		10F0B6A316F51E838F9910AD /* Sources */ = {
			isa = PBXSourcesBuildPhase;
			buildActionMask = 2147483647;
			files = (
				01EEBB783773C726AEA298E4 /* Filter.cpp in Sources */,
				9BB2E60E3F069CE0B06D8770 /* PluginProcessor.cpp in Sources */,
				FFAE0B01DF852D901604B7D5 /* PluginEditor.cpp in Sources */,
				6ACAD14A7CFD9076856EA33A /* newLookAndFeel.cpp in Sources */,
				B6E6DCD75352C4AC074A79A1 /* include_juce_audio_basics.mm in Sources */,
				4653961EEAD174348E6408FA /* include_juce_audio_devices.mm in Sources */,
				5A6221F903A26F9F8CFF854F /* include_juce_audio_formats.mm in Sources */,
				8A21E670F851D140371B66BC /* include_juce_audio_plugin_client_utils.cpp in Sources */,
				23011058FAADEB210965643F /* include_juce_audio_plugin_client_VST_utils.mm in Sources */,
				6E3FD764C0D463558D8D6379 /* include_juce_audio_processors.mm in Sources */,
				06271653F810D12D8DE61420 /* include_juce_audio_utils.mm in Sources */,
				0B7291C14A1E3D7BD24063C9 /* include_juce_core.mm in Sources */,
				19C44BE9C122F52C998B6B7B /* include_juce_cryptography.mm in Sources */,
				EB15805879882647EA1F1E01 /* include_juce_data_structures.mm in Sources */,
				6F675FB8D0FFA5D1307C0511 /* include_juce_events.mm in Sources */,
				922E6C2FE254F373CE31B69F /* include_juce_graphics.mm in Sources */,
				3A0068727D5CC396CDFC0057 /* include_juce_gui_basics.mm in Sources */,
				C54E7E9AAFFC79B90180FB27 /* include_juce_gui_extra.mm in Sources */,
				41E61F3F08E3DA93C8779EA8 /* include_juce_opengl.mm in Sources */,
				7C487E7DFDBA815239826893 /* include_juce_video.mm in Sources */,
			);
			runOnlyForDeploymentPostprocessing = 0;
		};
		6760D933684119486099B9E9 /* Sources */ = {
			isa = PBXSourcesBuildPhase;
			buildActionMask = 2147483647;
			files = (
				FFF5AE1C9AB57B42D29FBECA /* include_juce_audio_plugin_client_Standalone.cpp in Sources */,
			);
			runOnlyForDeploymentPostprocessing = 0;
		};
		7692917BCE8952F57AF299D0 /* Sources */ = {
			isa = PBXSourcesBuildPhase;
			buildActionMask = 2147483647;
			files = (
				4536586E355214C8B6F72D3C /* include_juce_audio_plugin_client_VST2.cpp in Sources */,
			);
			runOnlyForDeploymentPostprocessing = 0;
		};
		A7AEB04AFF68B21D5A10F09D /* Sources */ = {
			isa = PBXSourcesBuildPhase;
			buildActionMask = 2147483647;
			files = (
				C9A0C8DE2C7A3D7F1918F026 /* include_juce_audio_plugin_client_AU_1.mm in Sources */,
				C34336E902093723B7DB7710 /* include_juce_audio_plugin_client_AU_2.mm in Sources */,
			);
			runOnlyForDeploymentPostprocessing = 0;
		};
/* End PBXSourcesBuildPhase section */

/* Begin PBXTargetDependency section */
		567510BD79EA1BA78963BEB2 /* PBXTargetDependency */ = {
			isa = PBXTargetDependency;
			target = E2F2DE7E337DC8CF1A3DA91C /* AutoVocalCtrl - Standalone Plugin */;
			targetProxy = 8CB5A9622099E0BA00112C5F /* PBXContainerItemProxy */;
		};
		73201D1B5D4034EF3BECA05A /* PBXTargetDependency */ = {
			isa = PBXTargetDependency;
			target = 7C3D52A092C1487B467A9710 /* AutoVocalCtrl - Shared Code */;
			targetProxy = 8CB5A9602099E0BA00112C5F /* PBXContainerItemProxy */;
		};
		77196C8263397CFA53C9BD19 /* PBXTargetDependency */ = {
			isa = PBXTargetDependency;
			target = F42D48A60BBE9CC52EA9C165 /* AutoVocalCtrl - VST */;
			targetProxy = 8CB5A95F2099E0BA00112C5F /* PBXContainerItemProxy */;
		};
		7CA32261C8524F5B3C6C6D6F /* PBXTargetDependency */ = {
			isa = PBXTargetDependency;
			target = EA0E4B443CAA6E6BEA36FFD2 /* AutoVocalCtrl - AU */;
			targetProxy = 8CB5A9612099E0BA00112C5F /* PBXContainerItemProxy */;
		};
/* End PBXTargetDependency section */

/* Begin XCBuildConfiguration section */
		0CA39CEFF107A53B0C77712D /* Debug */ = {
			isa = XCBuildConfiguration;
			buildSettings = {
				MACOSX_DEPLOYMENT_TARGET = 10.11;
			};
			name = Debug;
		};
		2BBFAD215720125EDA8151D2 /* Release */ = {
			isa = XCBuildConfiguration;
			buildSettings = {
				CLANG_CXX_LANGUAGE_STANDARD = "c++11";
				CLANG_LINK_OBJC_RUNTIME = NO;
				COMBINE_HIDPI_IMAGES = YES;
				CONFIGURATION_BUILD_DIR = "$(PROJECT_DIR)/build/$(CONFIGURATION)";
				DEAD_CODE_STRIPPING = YES;
				GCC_GENERATE_DEBUGGING_SYMBOLS = NO;
				GCC_OPTIMIZATION_LEVEL = 3;
				GCC_PREPROCESSOR_DEFINITIONS = (
					"_NDEBUG=1",
					"NDEBUG=1",
					"JUCER_XCODE_MAC_F6D2F4CF=1",
					"JUCE_APP_VERSION=1.0.0",
					"JUCE_APP_VERSION_HEX=0x10000",
					"JucePlugin_Build_VST=1",
					"JucePlugin_Build_VST3=0",
					"JucePlugin_Build_AU=1",
					"JucePlugin_Build_AUv3=0",
					"JucePlugin_Build_RTAS=0",
					"JucePlugin_Build_AAX=0",
					"JucePlugin_Build_Standalone=1",
					"JUCE_SHARED_CODE=1",
				);
				GCC_SYMBOLS_PRIVATE_EXTERN = YES;
				GCC_VERSION = com.apple.compilers.llvm.clang.1_0;
				HEADER_SEARCH_PATHS = (
					../../JuceLibraryCode,
					"~/JUCE/modules",
					"~/JUCE/modules/juce_audio_plugin_client",
					"$(inherited)",
				);
				INSTALL_PATH = "@executable_path/../Frameworks";
				LLVM_LTO = YES;
				MACOSX_DEPLOYMENT_TARGET = 10.11;
				MACOSX_DEPLOYMENT_TARGET_ppc = 10.4;
				PRODUCT_BUNDLE_IDENTIFIER = com.yourcompany.AutoVocalCtrl;
				SDKROOT_ppc = macosx10.5;
				USE_HEADERMAP = NO;
			};
			name = Release;
		};
		5F2070CF6267FC07249D1A20 /* Release */ = {
			isa = XCBuildConfiguration;
			buildSettings = {
				CLANG_CXX_LANGUAGE_STANDARD = "c++11";
				CLANG_LINK_OBJC_RUNTIME = NO;
				COMBINE_HIDPI_IMAGES = YES;
				CONFIGURATION_BUILD_DIR = "$(PROJECT_DIR)/build/$(CONFIGURATION)";
				DEAD_CODE_STRIPPING = YES;
				DEPLOYMENT_LOCATION = YES;
				DSTROOT = /;
				GCC_GENERATE_DEBUGGING_SYMBOLS = NO;
				GCC_OPTIMIZATION_LEVEL = 3;
				GCC_PREPROCESSOR_DEFINITIONS = (
					"_NDEBUG=1",
					"NDEBUG=1",
					"JUCER_XCODE_MAC_F6D2F4CF=1",
					"JUCE_APP_VERSION=1.0.0",
					"JUCE_APP_VERSION_HEX=0x10000",
					"JucePlugin_Build_VST=1",
					"JucePlugin_Build_VST3=0",
					"JucePlugin_Build_AU=0",
					"JucePlugin_Build_AUv3=0",
					"JucePlugin_Build_RTAS=0",
					"JucePlugin_Build_AAX=0",
					"JucePlugin_Build_Standalone=0",
				);
				GCC_SYMBOLS_PRIVATE_EXTERN = YES;
				GCC_VERSION = com.apple.compilers.llvm.clang.1_0;
				GENERATE_PKGINFO_FILE = YES;
				HEADER_SEARCH_PATHS = (
					../../JuceLibraryCode,
					"~/JUCE/modules",
					"~/JUCE/modules/juce_audio_plugin_client",
					"$(inherited)",
				);
				INFOPLIST_FILE = "Info-VST.plist";
				INFOPLIST_PREPROCESS = NO;
				INSTALL_PATH = "$(HOME)/Library/Audio/Plug-Ins/VST/";
				LIBRARY_STYLE = Bundle;
				LLVM_LTO = YES;
				MACOSX_DEPLOYMENT_TARGET = 10.11;
				MACOSX_DEPLOYMENT_TARGET_ppc = 10.4;
				OTHER_LDFLAGS = (
					"-bundle",
					"-lAutoVocalCtrl",
				);
				PRODUCT_BUNDLE_IDENTIFIER = com.yourcompany.AutoVocalCtrl;
				SDKROOT_ppc = macosx10.5;
				USE_HEADERMAP = NO;
				WRAPPER_EXTENSION = vst;
			};
			name = Release;
		};
		6D3A6DC5DA4D85478DA2E6EB /* Debug */ = {
			isa = XCBuildConfiguration;
			buildSettings = {
				CLANG_CXX_LANGUAGE_STANDARD = "c++11";
				CLANG_LINK_OBJC_RUNTIME = NO;
				COMBINE_HIDPI_IMAGES = YES;
				CONFIGURATION_BUILD_DIR = "$(PROJECT_DIR)/build/$(CONFIGURATION)";
				COPY_PHASE_STRIP = NO;
				GCC_DYNAMIC_NO_PIC = NO;
				GCC_OPTIMIZATION_LEVEL = 0;
				GCC_PREPROCESSOR_DEFINITIONS = (
					"_DEBUG=1",
					"DEBUG=1",
					"JUCER_XCODE_MAC_F6D2F4CF=1",
					"JUCE_APP_VERSION=1.0.0",
					"JUCE_APP_VERSION_HEX=0x10000",
					"JucePlugin_Build_VST=0",
					"JucePlugin_Build_VST3=0",
					"JucePlugin_Build_AU=0",
					"JucePlugin_Build_AUv3=0",
					"JucePlugin_Build_RTAS=0",
					"JucePlugin_Build_AAX=0",
					"JucePlugin_Build_Standalone=1",
				);
				GCC_VERSION = com.apple.compilers.llvm.clang.1_0;
				HEADER_SEARCH_PATHS = (
					../../JuceLibraryCode,
					"~/JUCE/modules",
					"~/JUCE/modules/juce_audio_plugin_client",
					"$(inherited)",
				);
				INFOPLIST_FILE = "Info-Standalone_Plugin.plist";
				INFOPLIST_PREPROCESS = NO;
				MACOSX_DEPLOYMENT_TARGET = 10.11;
				MACOSX_DEPLOYMENT_TARGET_ppc = 10.4;
				OTHER_LDFLAGS = "-lAutoVocalCtrl";
				PRODUCT_BUNDLE_IDENTIFIER = com.yourcompany.AutoVocalCtrl;
				SDKROOT_ppc = macosx10.5;
				USE_HEADERMAP = NO;
			};
			name = Debug;
		};
		730017378255DD6AC5249E2F /* Debug */ = {
			isa = XCBuildConfiguration;
			buildSettings = {
				CLANG_CXX_LANGUAGE_STANDARD = "c++11";
				CLANG_LINK_OBJC_RUNTIME = NO;
				COMBINE_HIDPI_IMAGES = YES;
				CONFIGURATION_BUILD_DIR = "$(PROJECT_DIR)/build/$(CONFIGURATION)";
				COPY_PHASE_STRIP = NO;
				DEPLOYMENT_LOCATION = YES;
				DSTROOT = /;
				GCC_DYNAMIC_NO_PIC = NO;
				GCC_OPTIMIZATION_LEVEL = 0;
				GCC_PREPROCESSOR_DEFINITIONS = (
					"_DEBUG=1",
					"DEBUG=1",
					"JUCER_XCODE_MAC_F6D2F4CF=1",
					"JUCE_APP_VERSION=1.0.0",
					"JUCE_APP_VERSION_HEX=0x10000",
					"JucePlugin_Build_VST=0",
					"JucePlugin_Build_VST3=0",
					"JucePlugin_Build_AU=1",
					"JucePlugin_Build_AUv3=0",
					"JucePlugin_Build_RTAS=0",
					"JucePlugin_Build_AAX=0",
					"JucePlugin_Build_Standalone=0",
				);
				GCC_VERSION = com.apple.compilers.llvm.clang.1_0;
				GENERATE_PKGINFO_FILE = YES;
				HEADER_SEARCH_PATHS = (
					../../JuceLibraryCode,
					"~/JUCE/modules",
					"~/JUCE/modules/juce_audio_plugin_client",
					"$(inherited)",
				);
				INFOPLIST_FILE = "Info-AU.plist";
				INFOPLIST_PREPROCESS = NO;
				INSTALL_PATH = "$(HOME)/Library/Audio/Plug-Ins/Components/";
				LIBRARY_STYLE = Bundle;
				MACOSX_DEPLOYMENT_TARGET = 10.11;
				MACOSX_DEPLOYMENT_TARGET_ppc = 10.4;
				OTHER_LDFLAGS = (
					"-bundle",
					"-lAutoVocalCtrl",
				);
				OTHER_REZFLAGS = "-d ppc_$ppc -d i386_$i386 -d ppc64_$ppc64 -d x86_64_$x86_64 -I /System/Library/Frameworks/CoreServices.framework/Frameworks/CarbonCore.framework/Versions/A/Headers -I \"$(DEVELOPER_DIR)/Extras/CoreAudio/AudioUnits/AUPublic/AUBase\"";
				PRODUCT_BUNDLE_IDENTIFIER = com.yourcompany.AutoVocalCtrl;
				SDKROOT_ppc = macosx10.5;
				USE_HEADERMAP = NO;
				WRAPPER_EXTENSION = component;
			};
			name = Debug;
		};
		786FE41C76586D89721BC7C6 /* Release */ = {
			isa = XCBuildConfiguration;
			buildSettings = {
				ALWAYS_SEARCH_USER_PATHS = NO;
				CLANG_WARN_BLOCK_CAPTURE_AUTORELEASING = YES;
				CLANG_WARN_BOOL_CONVERSION = YES;
				CLANG_WARN_COMMA = YES;
				CLANG_WARN_CONSTANT_CONVERSION = YES;
				CLANG_WARN_EMPTY_BODY = YES;
				CLANG_WARN_ENUM_CONVERSION = YES;
				CLANG_WARN_INFINITE_RECURSION = YES;
				CLANG_WARN_INT_CONVERSION = YES;
				CLANG_WARN_NON_LITERAL_NULL_CONVERSION = YES;
				CLANG_WARN_OBJC_LITERAL_CONVERSION = YES;
				CLANG_WARN_RANGE_LOOP_ANALYSIS = YES;
				CLANG_WARN_STRICT_PROTOTYPES = YES;
				CLANG_WARN_SUSPICIOUS_MOVE = YES;
				CLANG_WARN_UNREACHABLE_CODE = YES;
				CLANG_WARN__DUPLICATE_METHOD_MATCH = YES;
				DEBUG_INFORMATION_FORMAT = dwarf;
				ENABLE_STRICT_OBJC_MSGSEND = YES;
				GCC_C_LANGUAGE_STANDARD = c11;
				GCC_INLINES_ARE_PRIVATE_EXTERN = YES;
				GCC_MODEL_TUNING = G5;
				GCC_NO_COMMON_BLOCKS = YES;
				GCC_WARN_64_TO_32_BIT_CONVERSION = YES;
				GCC_WARN_ABOUT_RETURN_TYPE = YES;
				GCC_WARN_CHECK_SWITCH_STATEMENTS = YES;
				GCC_WARN_MISSING_PARENTHESES = YES;
				GCC_WARN_NON_VIRTUAL_DESTRUCTOR = YES;
				GCC_WARN_TYPECHECK_CALLS_TO_PRINTF = YES;
				GCC_WARN_UNDECLARED_SELECTOR = YES;
				GCC_WARN_UNINITIALIZED_AUTOS = YES;
				GCC_WARN_UNUSED_FUNCTION = YES;
				GCC_WARN_UNUSED_VARIABLE = YES;
				PRODUCT_NAME = AutoVocalCtrl;
				WARNING_CFLAGS = "-Wreorder";
				ZERO_LINK = NO;
			};
			name = Release;
		};
		7CCAE99CF6C49CBF1897039A /* Debug */ = {
			isa = XCBuildConfiguration;
			buildSettings = {
				CLANG_CXX_LANGUAGE_STANDARD = "c++11";
				CLANG_LINK_OBJC_RUNTIME = NO;
				COMBINE_HIDPI_IMAGES = YES;
				CONFIGURATION_BUILD_DIR = "$(PROJECT_DIR)/build/$(CONFIGURATION)";
				COPY_PHASE_STRIP = NO;
				DEPLOYMENT_LOCATION = YES;
				DSTROOT = /;
				GCC_DYNAMIC_NO_PIC = NO;
				GCC_OPTIMIZATION_LEVEL = 0;
				GCC_PREPROCESSOR_DEFINITIONS = (
					"_DEBUG=1",
					"DEBUG=1",
					"JUCER_XCODE_MAC_F6D2F4CF=1",
					"JUCE_APP_VERSION=1.0.0",
					"JUCE_APP_VERSION_HEX=0x10000",
					"JucePlugin_Build_VST=1",
					"JucePlugin_Build_VST3=0",
					"JucePlugin_Build_AU=0",
					"JucePlugin_Build_AUv3=0",
					"JucePlugin_Build_RTAS=0",
					"JucePlugin_Build_AAX=0",
					"JucePlugin_Build_Standalone=0",
				);
				GCC_VERSION = com.apple.compilers.llvm.clang.1_0;
				GENERATE_PKGINFO_FILE = YES;
				HEADER_SEARCH_PATHS = (
					../../JuceLibraryCode,
					"~/JUCE/modules",
					"~/JUCE/modules/juce_audio_plugin_client",
					"$(inherited)",
				);
				INFOPLIST_FILE = "Info-VST.plist";
				INFOPLIST_PREPROCESS = NO;
				INSTALL_PATH = "$(HOME)/Library/Audio/Plug-Ins/VST/";
				LIBRARY_STYLE = Bundle;
				MACOSX_DEPLOYMENT_TARGET = 10.11;
				MACOSX_DEPLOYMENT_TARGET_ppc = 10.4;
				OTHER_LDFLAGS = (
					"-bundle",
					"-lAutoVocalCtrl",
				);
				PRODUCT_BUNDLE_IDENTIFIER = com.yourcompany.AutoVocalCtrl;
				SDKROOT_ppc = macosx10.5;
				USE_HEADERMAP = NO;
				WRAPPER_EXTENSION = vst;
			};
			name = Debug;
		};
		826698F4E22E77C9FA21B13F /* Debug */ = {
			isa = XCBuildConfiguration;
			buildSettings = {
				ALWAYS_SEARCH_USER_PATHS = NO;
				CLANG_WARN_BLOCK_CAPTURE_AUTORELEASING = YES;
				CLANG_WARN_BOOL_CONVERSION = YES;
				CLANG_WARN_COMMA = YES;
				CLANG_WARN_CONSTANT_CONVERSION = YES;
				CLANG_WARN_EMPTY_BODY = YES;
				CLANG_WARN_ENUM_CONVERSION = YES;
				CLANG_WARN_INFINITE_RECURSION = YES;
				CLANG_WARN_INT_CONVERSION = YES;
				CLANG_WARN_NON_LITERAL_NULL_CONVERSION = YES;
				CLANG_WARN_OBJC_LITERAL_CONVERSION = YES;
				CLANG_WARN_RANGE_LOOP_ANALYSIS = YES;
				CLANG_WARN_STRICT_PROTOTYPES = YES;
				CLANG_WARN_SUSPICIOUS_MOVE = YES;
				CLANG_WARN_UNREACHABLE_CODE = YES;
				CLANG_WARN__DUPLICATE_METHOD_MATCH = YES;
				DEBUG_INFORMATION_FORMAT = dwarf;
				ENABLE_STRICT_OBJC_MSGSEND = YES;
				ENABLE_TESTABILITY = YES;
				GCC_C_LANGUAGE_STANDARD = c11;
				GCC_INLINES_ARE_PRIVATE_EXTERN = YES;
				GCC_MODEL_TUNING = G5;
				GCC_NO_COMMON_BLOCKS = YES;
				GCC_WARN_64_TO_32_BIT_CONVERSION = YES;
				GCC_WARN_ABOUT_RETURN_TYPE = YES;
				GCC_WARN_CHECK_SWITCH_STATEMENTS = YES;
				GCC_WARN_MISSING_PARENTHESES = YES;
				GCC_WARN_NON_VIRTUAL_DESTRUCTOR = YES;
				GCC_WARN_TYPECHECK_CALLS_TO_PRINTF = YES;
				GCC_WARN_UNDECLARED_SELECTOR = YES;
				GCC_WARN_UNINITIALIZED_AUTOS = YES;
				GCC_WARN_UNUSED_FUNCTION = YES;
				GCC_WARN_UNUSED_VARIABLE = YES;
				ONLY_ACTIVE_ARCH = YES;
				PRODUCT_NAME = AutoVocalCtrl;
				WARNING_CFLAGS = "-Wreorder";
				ZERO_LINK = NO;
			};
			name = Debug;
		};
		964F441EA0478C83F164D3A1 /* Release */ = {
			isa = XCBuildConfiguration;
			buildSettings = {
				CLANG_CXX_LANGUAGE_STANDARD = "c++11";
				CLANG_LINK_OBJC_RUNTIME = NO;
				COMBINE_HIDPI_IMAGES = YES;
				CONFIGURATION_BUILD_DIR = "$(PROJECT_DIR)/build/$(CONFIGURATION)";
				DEAD_CODE_STRIPPING = YES;
				DEPLOYMENT_LOCATION = YES;
				DSTROOT = /;
				GCC_GENERATE_DEBUGGING_SYMBOLS = NO;
				GCC_OPTIMIZATION_LEVEL = 3;
				GCC_PREPROCESSOR_DEFINITIONS = (
					"_NDEBUG=1",
					"NDEBUG=1",
					"JUCER_XCODE_MAC_F6D2F4CF=1",
					"JUCE_APP_VERSION=1.0.0",
					"JUCE_APP_VERSION_HEX=0x10000",
					"JucePlugin_Build_VST=0",
					"JucePlugin_Build_VST3=0",
					"JucePlugin_Build_AU=1",
					"JucePlugin_Build_AUv3=0",
					"JucePlugin_Build_RTAS=0",
					"JucePlugin_Build_AAX=0",
					"JucePlugin_Build_Standalone=0",
				);
				GCC_SYMBOLS_PRIVATE_EXTERN = YES;
				GCC_VERSION = com.apple.compilers.llvm.clang.1_0;
				GENERATE_PKGINFO_FILE = YES;
				HEADER_SEARCH_PATHS = (
					../../JuceLibraryCode,
					"~/JUCE/modules",
					"~/JUCE/modules/juce_audio_plugin_client",
					"$(inherited)",
				);
				INFOPLIST_FILE = "Info-AU.plist";
				INFOPLIST_PREPROCESS = NO;
				INSTALL_PATH = "$(HOME)/Library/Audio/Plug-Ins/Components/";
				LIBRARY_STYLE = Bundle;
				LLVM_LTO = YES;
				MACOSX_DEPLOYMENT_TARGET = 10.11;
				MACOSX_DEPLOYMENT_TARGET_ppc = 10.4;
				OTHER_LDFLAGS = (
					"-bundle",
					"-lAutoVocalCtrl",
				);
				OTHER_REZFLAGS = "-d ppc_$ppc -d i386_$i386 -d ppc64_$ppc64 -d x86_64_$x86_64 -I /System/Library/Frameworks/CoreServices.framework/Frameworks/CarbonCore.framework/Versions/A/Headers -I \"$(DEVELOPER_DIR)/Extras/CoreAudio/AudioUnits/AUPublic/AUBase\"";
				PRODUCT_BUNDLE_IDENTIFIER = com.yourcompany.AutoVocalCtrl;
				SDKROOT_ppc = macosx10.5;
				USE_HEADERMAP = NO;
				WRAPPER_EXTENSION = component;
			};
			name = Release;
		};
		9ED12D96EC58C6F3D1EA6549 /* Release */ = {
			isa = XCBuildConfiguration;
			buildSettings = {
				CLANG_CXX_LANGUAGE_STANDARD = "c++11";
				CLANG_LINK_OBJC_RUNTIME = NO;
				COMBINE_HIDPI_IMAGES = YES;
				CONFIGURATION_BUILD_DIR = "$(PROJECT_DIR)/build/$(CONFIGURATION)";
				DEAD_CODE_STRIPPING = YES;
				GCC_GENERATE_DEBUGGING_SYMBOLS = NO;
				GCC_OPTIMIZATION_LEVEL = 3;
				GCC_PREPROCESSOR_DEFINITIONS = (
					"_NDEBUG=1",
					"NDEBUG=1",
					"JUCER_XCODE_MAC_F6D2F4CF=1",
					"JUCE_APP_VERSION=1.0.0",
					"JUCE_APP_VERSION_HEX=0x10000",
					"JucePlugin_Build_VST=0",
					"JucePlugin_Build_VST3=0",
					"JucePlugin_Build_AU=0",
					"JucePlugin_Build_AUv3=0",
					"JucePlugin_Build_RTAS=0",
					"JucePlugin_Build_AAX=0",
					"JucePlugin_Build_Standalone=1",
				);
				GCC_SYMBOLS_PRIVATE_EXTERN = YES;
				GCC_VERSION = com.apple.compilers.llvm.clang.1_0;
				HEADER_SEARCH_PATHS = (
					../../JuceLibraryCode,
					"~/JUCE/modules",
					"~/JUCE/modules/juce_audio_plugin_client",
					"$(inherited)",
				);
				INFOPLIST_FILE = "Info-Standalone_Plugin.plist";
				INFOPLIST_PREPROCESS = NO;
				LLVM_LTO = YES;
				MACOSX_DEPLOYMENT_TARGET = 10.11;
				MACOSX_DEPLOYMENT_TARGET_ppc = 10.4;
				OTHER_LDFLAGS = "-lAutoVocalCtrl";
				PRODUCT_BUNDLE_IDENTIFIER = com.yourcompany.AutoVocalCtrl;
				SDKROOT_ppc = macosx10.5;
				USE_HEADERMAP = NO;
			};
			name = Release;
		};
		C8FBF898FE23403C88BE1876 /* Debug */ = {
			isa = XCBuildConfiguration;
			buildSettings = {
				CLANG_CXX_LANGUAGE_STANDARD = "c++11";
				CLANG_LINK_OBJC_RUNTIME = NO;
				COMBINE_HIDPI_IMAGES = YES;
				CONFIGURATION_BUILD_DIR = "$(PROJECT_DIR)/build/$(CONFIGURATION)";
				COPY_PHASE_STRIP = NO;
				GCC_DYNAMIC_NO_PIC = NO;
				GCC_OPTIMIZATION_LEVEL = 0;
				GCC_PREPROCESSOR_DEFINITIONS = (
					"_DEBUG=1",
					"DEBUG=1",
					"JUCER_XCODE_MAC_F6D2F4CF=1",
					"JUCE_APP_VERSION=1.0.0",
					"JUCE_APP_VERSION_HEX=0x10000",
					"JucePlugin_Build_VST=1",
					"JucePlugin_Build_VST3=0",
					"JucePlugin_Build_AU=1",
					"JucePlugin_Build_AUv3=0",
					"JucePlugin_Build_RTAS=0",
					"JucePlugin_Build_AAX=0",
					"JucePlugin_Build_Standalone=1",
					"JUCE_SHARED_CODE=1",
				);
				GCC_VERSION = com.apple.compilers.llvm.clang.1_0;
				HEADER_SEARCH_PATHS = (
					../../JuceLibraryCode,
					"~/JUCE/modules",
					"~/JUCE/modules/juce_audio_plugin_client",
					"$(inherited)",
				);
				INSTALL_PATH = "@executable_path/../Frameworks";
				MACOSX_DEPLOYMENT_TARGET = 10.11;
				MACOSX_DEPLOYMENT_TARGET_ppc = 10.4;
				PRODUCT_BUNDLE_IDENTIFIER = com.yourcompany.AutoVocalCtrl;
				SDKROOT_ppc = macosx10.5;
				USE_HEADERMAP = NO;
			};
			name = Debug;
		};
		E4F60B95D332F9CB81257E65 /* Release */ = {
			isa = XCBuildConfiguration;
			buildSettings = {
				MACOSX_DEPLOYMENT_TARGET = 10.11;
			};
			name = Release;
		};
/* End XCBuildConfiguration section */

/* Begin XCConfigurationList section */
		2D7F0739820BE12AA5860A9E /* Build configuration list for PBXProject "AutoVocalCtrl" */ = {
			isa = XCConfigurationList;
			buildConfigurations = (
				826698F4E22E77C9FA21B13F /* Debug */,
				786FE41C76586D89721BC7C6 /* Release */,
			);
			defaultConfigurationIsVisible = 0;
			defaultConfigurationName = Debug;
		};
		58217EB0EED3D24F867EB5D6 /* Build configuration list for PBXNativeTarget "AutoVocalCtrl - AU" */ = {
			isa = XCConfigurationList;
			buildConfigurations = (
				730017378255DD6AC5249E2F /* Debug */,
				964F441EA0478C83F164D3A1 /* Release */,
			);
			defaultConfigurationIsVisible = 0;
			defaultConfigurationName = Debug;
		};
		8A6A7889766224FC8123C127 /* Build configuration list for PBXNativeTarget "AutoVocalCtrl - Shared Code" */ = {
			isa = XCConfigurationList;
			buildConfigurations = (
				C8FBF898FE23403C88BE1876 /* Debug */,
				2BBFAD215720125EDA8151D2 /* Release */,
			);
			defaultConfigurationIsVisible = 0;
			defaultConfigurationName = Debug;
		};
		A3362B1F0A9151417BDF6F67 /* Build configuration list for PBXNativeTarget "AutoVocalCtrl - Standalone Plugin" */ = {
			isa = XCConfigurationList;
			buildConfigurations = (
				6D3A6DC5DA4D85478DA2E6EB /* Debug */,
				9ED12D96EC58C6F3D1EA6549 /* Release */,
			);
			defaultConfigurationIsVisible = 0;
			defaultConfigurationName = Debug;
		};
		D029154B4B0E5699775CD4F2 /* Build configuration list for PBXNativeTarget "AutoVocalCtrl - VST" */ = {
			isa = XCConfigurationList;
			buildConfigurations = (
				7CCAE99CF6C49CBF1897039A /* Debug */,
				5F2070CF6267FC07249D1A20 /* Release */,
			);
			defaultConfigurationIsVisible = 0;
			defaultConfigurationName = Debug;
		};
		F82A33F8D8E19B5246162B84 /* Build configuration list for PBXAggregateTarget "AutoVocalCtrl - All" */ = {
			isa = XCConfigurationList;
			buildConfigurations = (
				0CA39CEFF107A53B0C77712D /* Debug */,
				E4F60B95D332F9CB81257E65 /* Release */,
			);
			defaultConfigurationIsVisible = 0;
			defaultConfigurationName = Debug;
		};
/* End XCConfigurationList section */
	};
	rootObject = B2E620B03404D031DE63C48F /* Project object */;
}
